
Microsoft Visual Studio Solution File, Format Version 12.00
# Visual Studio 2017
Project("{FAE04EC0-301F-11D3-BF4B-00C04F79EFBC}") = "ServidorClientes", "ServidorClientes.csproj", "{6C1C52FA-3F57-425F-8724-A2BA38180ED1}"
EndProject
Global
	GlobalSection(SolutionConfigurationPlatforms) = preSolution
		Debug|Any CPU = Debug|Any CPU
		Release|Any CPU = Release|Any CPU
	EndGlobalSection
	GlobalSection(ProjectConfigurationPlatforms) = postSolution
		{6C1C52FA-3F57-425F-8724-A2BA38180ED1}.Debug|Any CPU.ActiveCfg = Debug|Any CPU
		{6C1C52FA-3F57-425F-8724-A2BA38180ED1}.Debug|Any CPU.Build.0 = Debug|Any CPU
		{6C1C52FA-3F57-425F-8724-A2BA38180ED1}.Release|Any CPU.ActiveCfg = Release|Any CPU
		{6C1C52FA-3F57-425F-8724-A2BA38180ED1}.Release|Any CPU.Build.0 = Release|Any CPU
	EndGlobalSection
EndGlobal
